// !$*UTF8*$!
{
	archiveVersion = 1;
	classes = {
	};
	objectVersion = 50;
	objects = {

/* Begin PBXBuildFile section */
		D19143DC23C5D553004A7C2E /* AppDelegate.swift in Sources */ = {isa = PBXBuildFile; fileRef = D19143DB23C5D553004A7C2E /* AppDelegate.swift */; };
		D19143DE23C5D553004A7C2E /* SceneDelegate.swift in Sources */ = {isa = PBXBuildFile; fileRef = D19143DD23C5D553004A7C2E /* SceneDelegate.swift */; };
		D19143E023C5D553004A7C2E /* ViewController.swift in Sources */ = {isa = PBXBuildFile; fileRef = D19143DF23C5D553004A7C2E /* ViewController.swift */; };
		D19143E323C5D553004A7C2E /* Main.storyboard in Resources */ = {isa = PBXBuildFile; fileRef = D19143E123C5D553004A7C2E /* Main.storyboard */; };
		D19143E523C5D554004A7C2E /* Assets.xcassets in Resources */ = {isa = PBXBuildFile; fileRef = D19143E423C5D554004A7C2E /* Assets.xcassets */; };
		D19143E823C5D554004A7C2E /* LaunchScreen.storyboard in Resources */ = {isa = PBXBuildFile; fileRef = D19143E623C5D554004A7C2E /* LaunchScreen.storyboard */; };
		D19143F323C5D555004A7C2E /* ClickCountTests.swift in Sources */ = {isa = PBXBuildFile; fileRef = D19143F223C5D555004A7C2E /* ClickCountTests.swift */; };
/* End PBXBuildFile section */

/* Begin PBXContainerItemProxy section */
		D19143EF23C5D555004A7C2E /* PBXContainerItemProxy */ = {
			isa = PBXContainerItemProxy;
			containerPortal = D19143D023C5D553004A7C2E /* Project object */;
			proxyType = 1;
			remoteGlobalIDString = D19143D723C5D553004A7C2E;
			remoteInfo = ClickCount;
		};
/* End PBXContainerItemProxy section */

/* Begin PBXFileReference section */
		D19143D823C5D553004A7C2E /* ClickCount.app */ = {isa = PBXFileReference; explicitFileType = wrapper.application; includeInIndex = 0; path = ClickCount.app; sourceTree = BUILT_PRODUCTS_DIR; };
		D19143DB23C5D553004A7C2E /* AppDelegate.swift */ = {isa = PBXFileReference; lastKnownFileType = sourcecode.swift; path = AppDelegate.swift; sourceTree = "<group>"; };
		D19143DD23C5D553004A7C2E /* SceneDelegate.swift */ = {isa = PBXFileReference; lastKnownFileType = sourcecode.swift; path = SceneDelegate.swift; sourceTree = "<group>"; };
		D19143DF23C5D553004A7C2E /* ViewController.swift */ = {isa = PBXFileReference; lastKnownFileType = sourcecode.swift; path = ViewController.swift; sourceTree = "<group>"; };
		D19143E223C5D553004A7C2E /* Base */ = {isa = PBXFileReference; lastKnownFileType = file.storyboard; name = Base; path = Base.lproj/Main.storyboard; sourceTree = "<group>"; };
		D19143E423C5D554004A7C2E /* Assets.xcassets */ = {isa = PBXFileReference; lastKnownFileType = folder.assetcatalog; path = Assets.xcassets; sourceTree = "<group>"; };
		D19143E723C5D554004A7C2E /* Base */ = {isa = PBXFileReference; lastKnownFileType = file.storyboard; name = Base; path = Base.lproj/LaunchScreen.storyboard; sourceTree = "<group>"; };
		D19143E923C5D554004A7C2E /* Info.plist */ = {isa = PBXFileReference; lastKnownFileType = text.plist.xml; path = Info.plist; sourceTree = "<group>"; };
		D19143EE23C5D555004A7C2E /* ClickCountTests.xctest */ = {isa = PBXFileReference; explicitFileType = wrapper.cfbundle; includeInIndex = 0; path = ClickCountTests.xctest; sourceTree = BUILT_PRODUCTS_DIR; };
		D19143F223C5D555004A7C2E /* ClickCountTests.swift */ = {isa = PBXFileReference; lastKnownFileType = sourcecode.swift; path = ClickCountTests.swift; sourceTree = "<group>"; };
		D19143F423C5D555004A7C2E /* Info.plist */ = {isa = PBXFileReference; lastKnownFileType = text.plist.xml; path = Info.plist; sourceTree = "<group>"; };
/* End PBXFileReference section */

/* Begin PBXFrameworksBuildPhase section */
		D19143D523C5D553004A7C2E /* Frameworks */ = {
			isa = PBXFrameworksBuildPhase;
			buildActionMask = 2147483647;
			files = (
			);
			runOnlyForDeploymentPostprocessing = 0;
		};
		D19143EB23C5D555004A7C2E /* Frameworks */ = {
			isa = PBXFrameworksBuildPhase;
			buildActionMask = 2147483647;
			files = (
			);
			runOnlyForDeploymentPostprocessing = 0;
		};
/* End PBXFrameworksBuildPhase section */

/* Begin PBXGroup section */
		D19143CF23C5D553004A7C2E = {
			isa = PBXGroup;
			children = (
				D19143DA23C5D553004A7C2E /* ClickCount */,
				D19143F123C5D555004A7C2E /* ClickCountTests */,
				D19143D923C5D553004A7C2E /* Products */,
			);
			sourceTree = "<group>";
		};
		D19143D923C5D553004A7C2E /* Products */ = {
			isa = PBXGroup;
			children = (
				D19143D823C5D553004A7C2E /* ClickCount.app */,
				D19143EE23C5D555004A7C2E /* ClickCountTests.xctest */,
			);
			name = Products;
			sourceTree = "<group>";
		};
		D19143DA23C5D553004A7C2E /* ClickCount */ = {
			isa = PBXGroup;
			children = (
				D19143DB23C5D553004A7C2E /* AppDelegate.swift */,
				D19143DD23C5D553004A7C2E /* SceneDelegate.swift */,
				D19143DF23C5D553004A7C2E /* ViewController.swift */,
				D19143E123C5D553004A7C2E /* Main.storyboard */,
				D19143E423C5D554004A7C2E /* Assets.xcassets */,
				D19143E623C5D554004A7C2E /* LaunchScreen.storyboard */,
				D19143E923C5D554004A7C2E /* Info.plist */,
			);
			path = ClickCount;
			sourceTree = "<group>";
		};
		D19143F123C5D555004A7C2E /* ClickCountTests */ = {
			isa = PBXGroup;
			children = (
				D19143F223C5D555004A7C2E /* ClickCountTests.swift */,
				D19143F423C5D555004A7C2E /* Info.plist */,
			);
			path = ClickCountTests;
			sourceTree = "<group>";
		};
/* End PBXGroup section */

/* Begin PBXNativeTarget section */
		D19143D723C5D553004A7C2E /* ClickCount */ = {
			isa = PBXNativeTarget;
			buildConfigurationList = D19143F723C5D555004A7C2E /* Build configuration list for PBXNativeTarget "ClickCount" */;
			buildPhases = (
				D19143D423C5D553004A7C2E /* Sources */,
				D19143D523C5D553004A7C2E /* Frameworks */,
				D19143D623C5D553004A7C2E /* Resources */,
			);
			buildRules = (
			);
			dependencies = (
			);
			name = ClickCount;
			productName = ClickCount;
			productReference = D19143D823C5D553004A7C2E /* ClickCount.app */;
			productType = "com.apple.product-type.application";
		};
		D19143ED23C5D555004A7C2E /* ClickCountTests */ = {
			isa = PBXNativeTarget;
			buildConfigurationList = D19143FA23C5D555004A7C2E /* Build configuration list for PBXNativeTarget "ClickCountTests" */;
			buildPhases = (
				D19143EA23C5D555004A7C2E /* Sources */,
				D19143EB23C5D555004A7C2E /* Frameworks */,
				D19143EC23C5D555004A7C2E /* Resources */,
			);
			buildRules = (
			);
			dependencies = (
				D19143F023C5D555004A7C2E /* PBXTargetDependency */,
			);
			name = ClickCountTests;
			productName = ClickCountTests;
			productReference = D19143EE23C5D555004A7C2E /* ClickCountTests.xctest */;
			productType = "com.apple.product-type.bundle.unit-test";
		};
/* End PBXNativeTarget section */

/* Begin PBXProject section */
		D19143D023C5D553004A7C2E /* Project object */ = {
			isa = PBXProject;
			attributes = {
				LastSwiftUpdateCheck = 1130;
				LastUpgradeCheck = 1130;
				ORGANIZATIONNAME = oresnet;
				TargetAttributes = {
					D19143D723C5D553004A7C2E = {
						CreatedOnToolsVersion = 11.3;
					};
					D19143ED23C5D555004A7C2E = {
						CreatedOnToolsVersion = 11.3;
						TestTargetID = D19143D723C5D553004A7C2E;
					};
				};
			};
			buildConfigurationList = D19143D323C5D553004A7C2E /* Build configuration list for PBXProject "ClickCount" */;
			compatibilityVersion = "Xcode 9.3";
			developmentRegion = en;
			hasScannedForEncodings = 0;
			knownRegions = (
				en,
				Base,
			);
			mainGroup = D19143CF23C5D553004A7C2E;
			productRefGroup = D19143D923C5D553004A7C2E /* Products */;
			projectDirPath = "";
			projectRoot = "";
			targets = (
				D19143D723C5D553004A7C2E /* ClickCount */,
				D19143ED23C5D555004A7C2E /* ClickCountTests */,
			);
		};
/* End PBXProject section */

/* Begin PBXResourcesBuildPhase section */
		D19143D623C5D553004A7C2E /* Resources */ = {
			isa = PBXResourcesBuildPhase;
			buildActionMask = 2147483647;
			files = (
				D19143E823C5D554004A7C2E /* LaunchScreen.storyboard in Resources */,
				D19143E523C5D554004A7C2E /* Assets.xcassets in Resources */,
				D19143E323C5D553004A7C2E /* Main.storyboard in Resources */,
			);
			runOnlyForDeploymentPostprocessing = 0;
		};
		D19143EC23C5D555004A7C2E /* Resources */ = {
			isa = PBXResourcesBuildPhase;
			buildActionMask = 2147483647;
			files = (
			);
			runOnlyForDeploymentPostprocessing = 0;
		};
/* End PBXResourcesBuildPhase section */

/* Begin PBXSourcesBuildPhase section */
		D19143D423C5D553004A7C2E /* Sources */ = {
			isa = PBXSourcesBuildPhase;
			buildActionMask = 2147483647;
			files = (
				D19143E023C5D553004A7C2E /* ViewController.swift in Sources */,
				D19143DC23C5D553004A7C2E /* AppDelegate.swift in Sources */,
				D19143DE23C5D553004A7C2E /* SceneDelegate.swift in Sources */,
			);
			runOnlyForDeploymentPostprocessing = 0;
		};
		D19143EA23C5D555004A7C2E /* Sources */ = {
			isa = PBXSourcesBuildPhase;
			buildActionMask = 2147483647;
			files = (
				D19143F323C5D555004A7C2E /* ClickCountTests.swift in Sources */,
			);
			runOnlyForDeploymentPostprocessing = 0;
		};
/* End PBXSourcesBuildPhase section */

/* Begin PBXTargetDependency section */
		D19143F023C5D555004A7C2E /* PBXTargetDependency */ = {
			isa = PBXTargetDependency;
			target = D19143D723C5D553004A7C2E /* ClickCount */;
			targetProxy = D19143EF23C5D555004A7C2E /* PBXContainerItemProxy */;
		};
/* End PBXTargetDependency section */

/* Begin PBXVariantGroup section */
		D19143E123C5D553004A7C2E /* Main.storyboard */ = {
			isa = PBXVariantGroup;
			children = (
				D19143E223C5D553004A7C2E /* Base */,
			);
			name = Main.storyboard;
			sourceTree = "<group>";
		};
		D19143E623C5D554004A7C2E /* LaunchScreen.storyboard */ = {
			isa = PBXVariantGroup;
			children = (
				D19143E723C5D554004A7C2E /* Base */,
			);
			name = LaunchScreen.storyboard;
			sourceTree = "<group>";
		};
/* End PBXVariantGroup section */

/* Begin XCBuildConfiguration section */
		D19143F523C5D555004A7C2E /* Debug */ = {
			isa = XCBuildConfiguration;
			buildSettings = {
				ALWAYS_SEARCH_USER_PATHS = NO;
				CLANG_ANALYZER_NONNULL = YES;
				CLANG_ANALYZER_NUMBER_OBJECT_CONVERSION = YES_AGGRESSIVE;
				CLANG_CXX_LANGUAGE_STANDARD = "gnu++14";
				CLANG_CXX_LIBRARY = "libc++";
				CLANG_ENABLE_MODULES = YES;
				CLANG_ENABLE_OBJC_ARC = YES;
				CLANG_ENABLE_OBJC_WEAK = YES;
				CLANG_WARN_BLOCK_CAPTURE_AUTORELEASING = YES;
				CLANG_WARN_BOOL_CONVERSION = YES;
				CLANG_WARN_COMMA = YES;
				CLANG_WARN_CONSTANT_CONVERSION = YES;
				CLANG_WARN_DEPRECATED_OBJC_IMPLEMENTATIONS = YES;
				CLANG_WARN_DIRECT_OBJC_ISA_USAGE = YES_ERROR;
				CLANG_WARN_DOCUMENTATION_COMMENTS = YES;
				CLANG_WARN_EMPTY_BODY = YES;
				CLANG_WARN_ENUM_CONVERSION = YES;
				CLANG_WARN_INFINITE_RECURSION = YES;
				CLANG_WARN_INT_CONVERSION = YES;
				CLANG_WARN_NON_LITERAL_NULL_CONVERSION = YES;
				CLANG_WARN_OBJC_IMPLICIT_RETAIN_SELF = YES;
				CLANG_WARN_OBJC_LITERAL_CONVERSION = YES;
				CLANG_WARN_OBJC_ROOT_CLASS = YES_ERROR;
				CLANG_WARN_RANGE_LOOP_ANALYSIS = YES;
				CLANG_WARN_STRICT_PROTOTYPES = YES;
				CLANG_WARN_SUSPICIOUS_MOVE = YES;
				CLANG_WARN_UNGUARDED_AVAILABILITY = YES_AGGRESSIVE;
				CLANG_WARN_UNREACHABLE_CODE = YES;
				CLANG_WARN__DUPLICATE_METHOD_MATCH = YES;
				COPY_PHASE_STRIP = NO;
				DEBUG_INFORMATION_FORMAT = dwarf;
				ENABLE_STRICT_OBJC_MSGSEND = YES;
				ENABLE_TESTABILITY = YES;
				GCC_C_LANGUAGE_STANDARD = gnu11;
				GCC_DYNAMIC_NO_PIC = NO;
				GCC_NO_COMMON_BLOCKS = YES;
				GCC_OPTIMIZATION_LEVEL = 0;
				GCC_PREPROCESSOR_DEFINITIONS = (
					"DEBUG=1",
					"$(inherited)",
				);
				GCC_WARN_64_TO_32_BIT_CONVERSION = YES;
				GCC_WARN_ABOUT_RETURN_TYPE = YES_ERROR;
				GCC_WARN_UNDECLARED_SELECTOR = YES;
				GCC_WARN_UNINITIALIZED_AUTOS = YES_AGGRESSIVE;
				GCC_WARN_UNUSED_FUNCTION = YES;
				GCC_WARN_UNUSED_VARIABLE = YES;
				IPHONEOS_DEPLOYMENT_TARGET = 13.2;
				MTL_ENABLE_DEBUG_INFO = INCLUDE_SOURCE;
				MTL_FAST_MATH = YES;
				ONLY_ACTIVE_ARCH = YES;
				SDKROOT = iphoneos;
				SWIFT_ACTIVE_COMPILATION_CONDITIONS = DEBUG;
				SWIFT_OPTIMIZATION_LEVEL = "-Onone";
			};
			name = Debug;
		};
		D19143F623C5D555004A7C2E /* Release */ = {
			isa = XCBuildConfiguration;
			buildSettings = {
				ALWAYS_SEARCH_USER_PATHS = NO;
				CLANG_ANALYZER_NONNULL = YES;
				CLANG_ANALYZER_NUMBER_OBJECT_CONVERSION = YES_AGGRESSIVE;
				CLANG_CXX_LANGUAGE_STANDARD = "gnu++14";
				CLANG_CXX_LIBRARY = "libc++";
				CLANG_ENABLE_MODULES = YES;
				CLANG_ENABLE_OBJC_ARC = YES;
				CLANG_ENABLE_OBJC_WEAK = YES;
				CLANG_WARN_BLOCK_CAPTURE_AUTORELEASING = YES;
				CLANG_WARN_BOOL_CONVERSION = YES;
				CLANG_WARN_COMMA = YES;
				CLANG_WARN_CONSTANT_CONVERSION = YES;
				CLANG_WARN_DEPRECATED_OBJC_IMPLEMENTATIONS = YES;
				CLANG_WARN_DIRECT_OBJC_ISA_USAGE = YES_ERROR;
				CLANG_WARN_DOCUMENTATION_COMMENTS = YES;
				CLANG_WARN_EMPTY_BODY = YES;
				CLANG_WARN_ENUM_CONVERSION = YES;
				CLANG_WARN_INFINITE_RECURSION = YES;
				CLANG_WARN_INT_CONVERSION = YES;
				CLANG_WARN_NON_LITERAL_NULL_CONVERSION = YES;
				CLANG_WARN_OBJC_IMPLICIT_RETAIN_SELF = YES;
				CLANG_WARN_OBJC_LITERAL_CONVERSION = YES;
				CLANG_WARN_OBJC_ROOT_CLASS = YES_ERROR;
				CLANG_WARN_RANGE_LOOP_ANALYSIS = YES;
				CLANG_WARN_STRICT_PROTOTYPES = YES;
				CLANG_WARN_SUSPICIOUS_MOVE = YES;
				CLANG_WARN_UNGUARDED_AVAILABILITY = YES_AGGRESSIVE;
				CLANG_WARN_UNREACHABLE_CODE = YES;
				CLANG_WARN__DUPLICATE_METHOD_MATCH = YES;
				COPY_PHASE_STRIP = NO;
				DEBUG_INFORMATION_FORMAT = "dwarf-with-dsym";
				ENABLE_NS_ASSERTIONS = NO;
				ENABLE_STRICT_OBJC_MSGSEND = YES;
				GCC_C_LANGUAGE_STANDARD = gnu11;
				GCC_NO_COMMON_BLOCKS = YES;
				GCC_WARN_64_TO_32_BIT_CONVERSION = YES;
				GCC_WARN_ABOUT_RETURN_TYPE = YES_ERROR;
				GCC_WARN_UNDECLARED_SELECTOR = YES;
				GCC_WARN_UNINITIALIZED_AUTOS = YES_AGGRESSIVE;
				GCC_WARN_UNUSED_FUNCTION = YES;
				GCC_WARN_UNUSED_VARIABLE = YES;
				IPHONEOS_DEPLOYMENT_TARGET = 13.2;
				MTL_ENABLE_DEBUG_INFO = NO;
				MTL_FAST_MATH = YES;
				SDKROOT = iphoneos;
				SWIFT_COMPILATION_MODE = wholemodule;
				SWIFT_OPTIMIZATION_LEVEL = "-O";
				VALIDATE_PRODUCT = YES;
			};
			name = Release;
		};
		D19143F823C5D555004A7C2E /* Debug */ = {
			isa = XCBuildConfiguration;
			buildSettings = {
				ASSETCATALOG_COMPILER_APPICON_NAME = AppIcon;
				CODE_SIGN_STYLE = Automatic;
				INFOPLIST_FILE = ClickCount/Info.plist;
				LD_RUNPATH_SEARCH_PATHS = (
					"$(inherited)",
					"@executable_path/Frameworks",
				);
				PRODUCT_BUNDLE_IDENTIFIER = oresnet.ClickCount;
				PRODUCT_NAME = "$(TARGET_NAME)";
				SWIFT_VERSION = 5.0;
				TARGETED_DEVICE_FAMILY = "1,2";
			};
			name = Debug;
		};
		D19143F923C5D555004A7C2E /* Release */ = {
			isa = XCBuildConfiguration;
			buildSettings = {
				ASSETCATALOG_COMPILER_APPICON_NAME = AppIcon;
				CODE_SIGN_STYLE = Automatic;
				INFOPLIST_FILE = ClickCount/Info.plist;
				LD_RUNPATH_SEARCH_PATHS = (
					"$(inherited)",
					"@executable_path/Frameworks",
				);
				PRODUCT_BUNDLE_IDENTIFIER = oresnet.ClickCount;
				PRODUCT_NAME = "$(TARGET_NAME)";
				SWIFT_VERSION = 5.0;
				TARGETED_DEVICE_FAMILY = "1,2";
			};
			name = Release;
		};
		D19143FB23C5D555004A7C2E /* Debug */ = {
			isa = XCBuildConfiguration;
			buildSettings = {
				ALWAYS_EMBED_SWIFT_STANDARD_LIBRARIES = YES;
				BUNDLE_LOADER = "$(TEST_HOST)";
				CODE_SIGN_STYLE = Automatic;
				INFOPLIST_FILE = ClickCountTests/Info.plist;
				IPHONEOS_DEPLOYMENT_TARGET = 13.2;
				LD_RUNPATH_SEARCH_PATHS = (
					"$(inherited)",
					"@executable_path/Frameworks",
					"@loader_path/Frameworks",
				);
				PRODUCT_BUNDLE_IDENTIFIER = oresnet.ClickCountTests;
				PRODUCT_NAME = "$(TARGET_NAME)";
				SWIFT_VERSION = 5.0;
				TARGETED_DEVICE_FAMILY = "1,2";
				TEST_HOST = "$(BUILT_PRODUCTS_DIR)/ClickCount.app/ClickCount";
			};
			name = Debug;
		};
		D19143FC23C5D555004A7C2E /* Release */ = {
			isa = XCBuildConfiguration;
			buildSettings = {
				ALWAYS_EMBED_SWIFT_STANDARD_LIBRARIES = YES;
				BUNDLE_LOADER = "$(TEST_HOST)";
				CODE_SIGN_STYLE = Automatic;
				INFOPLIST_FILE = ClickCountTests/Info.plist;
				IPHONEOS_DEPLOYMENT_TARGET = 13.2;
				LD_RUNPATH_SEARCH_PATHS = (
					"$(inherited)",
					"@executable_path/Frameworks",
					"@loader_path/Frameworks",
				);
				PRODUCT_BUNDLE_IDENTIFIER = oresnet.ClickCountTests;
				PRODUCT_NAME = "$(TARGET_NAME)";
				SWIFT_VERSION = 5.0;
				TARGETED_DEVICE_FAMILY = "1,2";
				TEST_HOST = "$(BUILT_PRODUCTS_DIR)/ClickCount.app/ClickCount";
			};
			name = Release;
		};
/* End XCBuildConfiguration section */

/* Begin XCConfigurationList section */
		D19143D323C5D553004A7C2E /* Build configuration list for PBXProject "ClickCount" */ = {
			isa = XCConfigurationList;
			buildConfigurations = (
				D19143F523C5D555004A7C2E /* Debug */,
				D19143F623C5D555004A7C2E /* Release */,
			);
			defaultConfigurationIsVisible = 0;
			defaultConfigurationName = Release;
		};
		D19143F723C5D555004A7C2E /* Build configuration list for PBXNativeTarget "ClickCount" */ = {
			isa = XCConfigurationList;
			buildConfigurations = (
				D19143F823C5D555004A7C2E /* Debug */,
				D19143F923C5D555004A7C2E /* Release */,
			);
			defaultConfigurationIsVisible = 0;
			defaultConfigurationName = Release;
		};
		D19143FA23C5D555004A7C2E /* Build configuration list for PBXNativeTarget "ClickCountTests" */ = {
			isa = XCConfigurationList;
			buildConfigurations = (
				D19143FB23C5D555004A7C2E /* Debug */,
				D19143FC23C5D555004A7C2E /* Release */,
			);
			defaultConfigurationIsVisible = 0;
			defaultConfigurationName = Release;
		};
/* End XCConfigurationList section */
	};
	rootObject = D19143D023C5D553004A7C2E /* Project object */;
}
