// !$*UTF8*$!
{
	archiveVersion = 1;
	classes = {
	};
	objectVersion = 50;
	objects = {

/* Begin PBXBuildFile section */
		D17ECEDB23C839FA00EB5569 /* AppDelegate.swift in Sources */ = {isa = PBXBuildFile; fileRef = D17ECEDA23C839FA00EB5569 /* AppDelegate.swift */; };
		D17ECEDD23C839FA00EB5569 /* SceneDelegate.swift in Sources */ = {isa = PBXBuildFile; fileRef = D17ECEDC23C839FA00EB5569 /* SceneDelegate.swift */; };
		D17ECEDF23C839FA00EB5569 /* ViewController.swift in Sources */ = {isa = PBXBuildFile; fileRef = D17ECEDE23C839FA00EB5569 /* ViewController.swift */; };
		D17ECEE223C839FA00EB5569 /* Main.storyboard in Resources */ = {isa = PBXBuildFile; fileRef = D17ECEE023C839FA00EB5569 /* Main.storyboard */; };
		D17ECEE423C839FD00EB5569 /* Assets.xcassets in Resources */ = {isa = PBXBuildFile; fileRef = D17ECEE323C839FD00EB5569 /* Assets.xcassets */; };
		D17ECEE723C839FD00EB5569 /* LaunchScreen.storyboard in Resources */ = {isa = PBXBuildFile; fileRef = D17ECEE523C839FD00EB5569 /* LaunchScreen.storyboard */; };
		D17ECEF223C839FD00EB5569 /* clickcountTests.swift in Sources */ = {isa = PBXBuildFile; fileRef = D17ECEF123C839FD00EB5569 /* clickcountTests.swift */; };
/* End PBXBuildFile section */

/* Begin PBXContainerItemProxy section */
		D17ECEEE23C839FD00EB5569 /* PBXContainerItemProxy */ = {
			isa = PBXContainerItemProxy;
			containerPortal = D17ECECF23C839FA00EB5569 /* Project object */;
			proxyType = 1;
			remoteGlobalIDString = D17ECED623C839FA00EB5569;
			remoteInfo = clickcount;
		};
/* End PBXContainerItemProxy section */

/* Begin PBXFileReference section */
		D17ECED723C839FA00EB5569 /* clickcount.app */ = {isa = PBXFileReference; explicitFileType = wrapper.application; includeInIndex = 0; path = clickcount.app; sourceTree = BUILT_PRODUCTS_DIR; };
		D17ECEDA23C839FA00EB5569 /* AppDelegate.swift */ = {isa = PBXFileReference; lastKnownFileType = sourcecode.swift; path = AppDelegate.swift; sourceTree = "<group>"; };
		D17ECEDC23C839FA00EB5569 /* SceneDelegate.swift */ = {isa = PBXFileReference; lastKnownFileType = sourcecode.swift; path = SceneDelegate.swift; sourceTree = "<group>"; };
		D17ECEDE23C839FA00EB5569 /* ViewController.swift */ = {isa = PBXFileReference; lastKnownFileType = sourcecode.swift; path = ViewController.swift; sourceTree = "<group>"; };
		D17ECEE123C839FA00EB5569 /* Base */ = {isa = PBXFileReference; lastKnownFileType = file.storyboard; name = Base; path = Base.lproj/Main.storyboard; sourceTree = "<group>"; };
		D17ECEE323C839FD00EB5569 /* Assets.xcassets */ = {isa = PBXFileReference; lastKnownFileType = folder.assetcatalog; path = Assets.xcassets; sourceTree = "<group>"; };
		D17ECEE623C839FD00EB5569 /* Base */ = {isa = PBXFileReference; lastKnownFileType = file.storyboard; name = Base; path = Base.lproj/LaunchScreen.storyboard; sourceTree = "<group>"; };
		D17ECEE823C839FD00EB5569 /* Info.plist */ = {isa = PBXFileReference; lastKnownFileType = text.plist.xml; path = Info.plist; sourceTree = "<group>"; };
		D17ECEED23C839FD00EB5569 /* clickcountTests.xctest */ = {isa = PBXFileReference; explicitFileType = wrapper.cfbundle; includeInIndex = 0; path = clickcountTests.xctest; sourceTree = BUILT_PRODUCTS_DIR; };
		D17ECEF123C839FD00EB5569 /* clickcountTests.swift */ = {isa = PBXFileReference; lastKnownFileType = sourcecode.swift; path = clickcountTests.swift; sourceTree = "<group>"; };
		D17ECEF323C839FD00EB5569 /* Info.plist */ = {isa = PBXFileReference; lastKnownFileType = text.plist.xml; path = Info.plist; sourceTree = "<group>"; };
/* End PBXFileReference section */

/* Begin PBXFrameworksBuildPhase section */
		D17ECED423C839FA00EB5569 /* Frameworks */ = {
			isa = PBXFrameworksBuildPhase;
			buildActionMask = 2147483647;
			files = (
			);
			runOnlyForDeploymentPostprocessing = 0;
		};
		D17ECEEA23C839FD00EB5569 /* Frameworks */ = {
			isa = PBXFrameworksBuildPhase;
			buildActionMask = 2147483647;
			files = (
			);
			runOnlyForDeploymentPostprocessing = 0;
		};
/* End PBXFrameworksBuildPhase section */

/* Begin PBXGroup section */
		D17ECECE23C839FA00EB5569 = {
			isa = PBXGroup;
			children = (
				D17ECED923C839FA00EB5569 /* clickcount */,
				D17ECEF023C839FD00EB5569 /* clickcountTests */,
				D17ECED823C839FA00EB5569 /* Products */,
			);
			sourceTree = "<group>";
		};
		D17ECED823C839FA00EB5569 /* Products */ = {
			isa = PBXGroup;
			children = (
				D17ECED723C839FA00EB5569 /* clickcount.app */,
				D17ECEED23C839FD00EB5569 /* clickcountTests.xctest */,
			);
			name = Products;
			sourceTree = "<group>";
		};
		D17ECED923C839FA00EB5569 /* clickcount */ = {
			isa = PBXGroup;
			children = (
				D17ECEDA23C839FA00EB5569 /* AppDelegate.swift */,
				D17ECEDC23C839FA00EB5569 /* SceneDelegate.swift */,
				D17ECEDE23C839FA00EB5569 /* ViewController.swift */,
				D17ECEE023C839FA00EB5569 /* Main.storyboard */,
				D17ECEE323C839FD00EB5569 /* Assets.xcassets */,
				D17ECEE523C839FD00EB5569 /* LaunchScreen.storyboard */,
				D17ECEE823C839FD00EB5569 /* Info.plist */,
			);
			path = clickcount;
			sourceTree = "<group>";
		};
		D17ECEF023C839FD00EB5569 /* clickcountTests */ = {
			isa = PBXGroup;
			children = (
				D17ECEF123C839FD00EB5569 /* clickcountTests.swift */,
				D17ECEF323C839FD00EB5569 /* Info.plist */,
			);
			path = clickcountTests;
			sourceTree = "<group>";
		};
/* End PBXGroup section */

/* Begin PBXNativeTarget section */
		D17ECED623C839FA00EB5569 /* clickcount */ = {
			isa = PBXNativeTarget;
			buildConfigurationList = D17ECEF623C839FD00EB5569 /* Build configuration list for PBXNativeTarget "clickcount" */;
			buildPhases = (
				D17ECED323C839FA00EB5569 /* Sources */,
				D17ECED423C839FA00EB5569 /* Frameworks */,
				D17ECED523C839FA00EB5569 /* Resources */,
			);
			buildRules = (
			);
			dependencies = (
			);
			name = clickcount;
			productName = clickcount;
			productReference = D17ECED723C839FA00EB5569 /* clickcount.app */;
			productType = "com.apple.product-type.application";
		};
		D17ECEEC23C839FD00EB5569 /* clickcountTests */ = {
			isa = PBXNativeTarget;
			buildConfigurationList = D17ECEF923C839FD00EB5569 /* Build configuration list for PBXNativeTarget "clickcountTests" */;
			buildPhases = (
				D17ECEE923C839FD00EB5569 /* Sources */,
				D17ECEEA23C839FD00EB5569 /* Frameworks */,
				D17ECEEB23C839FD00EB5569 /* Resources */,
			);
			buildRules = (
			);
			dependencies = (
				D17ECEEF23C839FD00EB5569 /* PBXTargetDependency */,
			);
			name = clickcountTests;
			productName = clickcountTests;
			productReference = D17ECEED23C839FD00EB5569 /* clickcountTests.xctest */;
			productType = "com.apple.product-type.bundle.unit-test";
		};
/* End PBXNativeTarget section */

/* Begin PBXProject section */
		D17ECECF23C839FA00EB5569 /* Project object */ = {
			isa = PBXProject;
			attributes = {
				LastSwiftUpdateCheck = 1130;
				LastUpgradeCheck = 1130;
				ORGANIZATIONNAME = oresnet;
				TargetAttributes = {
					D17ECED623C839FA00EB5569 = {
						CreatedOnToolsVersion = 11.3;
					};
					D17ECEEC23C839FD00EB5569 = {
						CreatedOnToolsVersion = 11.3;
						TestTargetID = D17ECED623C839FA00EB5569;
					};
				};
			};
			buildConfigurationList = D17ECED223C839FA00EB5569 /* Build configuration list for PBXProject "clickcount" */;
			compatibilityVersion = "Xcode 9.3";
			developmentRegion = en;
			hasScannedForEncodings = 0;
			knownRegions = (
				en,
				Base,
			);
			mainGroup = D17ECECE23C839FA00EB5569;
			productRefGroup = D17ECED823C839FA00EB5569 /* Products */;
			projectDirPath = "";
			projectRoot = "";
			targets = (
				D17ECED623C839FA00EB5569 /* clickcount */,
				D17ECEEC23C839FD00EB5569 /* clickcountTests */,
			);
		};
/* End PBXProject section */

/* Begin PBXResourcesBuildPhase section */
		D17ECED523C839FA00EB5569 /* Resources */ = {
			isa = PBXResourcesBuildPhase;
			buildActionMask = 2147483647;
			files = (
				D17ECEE723C839FD00EB5569 /* LaunchScreen.storyboard in Resources */,
				D17ECEE423C839FD00EB5569 /* Assets.xcassets in Resources */,
				D17ECEE223C839FA00EB5569 /* Main.storyboard in Resources */,
			);
			runOnlyForDeploymentPostprocessing = 0;
		};
		D17ECEEB23C839FD00EB5569 /* Resources */ = {
			isa = PBXResourcesBuildPhase;
			buildActionMask = 2147483647;
			files = (
			);
			runOnlyForDeploymentPostprocessing = 0;
		};
/* End PBXResourcesBuildPhase section */

/* Begin PBXSourcesBuildPhase section */
		D17ECED323C839FA00EB5569 /* Sources */ = {
			isa = PBXSourcesBuildPhase;
			buildActionMask = 2147483647;
			files = (
				D17ECEDF23C839FA00EB5569 /* ViewController.swift in Sources */,
				D17ECEDB23C839FA00EB5569 /* AppDelegate.swift in Sources */,
				D17ECEDD23C839FA00EB5569 /* SceneDelegate.swift in Sources */,
			);
			runOnlyForDeploymentPostprocessing = 0;
		};
		D17ECEE923C839FD00EB5569 /* Sources */ = {
			isa = PBXSourcesBuildPhase;
			buildActionMask = 2147483647;
			files = (
				D17ECEF223C839FD00EB5569 /* clickcountTests.swift in Sources */,
			);
			runOnlyForDeploymentPostprocessing = 0;
		};
/* End PBXSourcesBuildPhase section */

/* Begin PBXTargetDependency section */
		D17ECEEF23C839FD00EB5569 /* PBXTargetDependency */ = {
			isa = PBXTargetDependency;
			target = D17ECED623C839FA00EB5569 /* clickcount */;
			targetProxy = D17ECEEE23C839FD00EB5569 /* PBXContainerItemProxy */;
		};
/* End PBXTargetDependency section */

/* Begin PBXVariantGroup section */
		D17ECEE023C839FA00EB5569 /* Main.storyboard */ = {
			isa = PBXVariantGroup;
			children = (
				D17ECEE123C839FA00EB5569 /* Base */,
			);
			name = Main.storyboard;
			sourceTree = "<group>";
		};
		D17ECEE523C839FD00EB5569 /* LaunchScreen.storyboard */ = {
			isa = PBXVariantGroup;
			children = (
				D17ECEE623C839FD00EB5569 /* Base */,
			);
			name = LaunchScreen.storyboard;
			sourceTree = "<group>";
		};
/* End PBXVariantGroup section */

/* Begin XCBuildConfiguration section */
		D17ECEF423C839FD00EB5569 /* Debug */ = {
			isa = XCBuildConfiguration;
			buildSettings = {
				ALWAYS_SEARCH_USER_PATHS = NO;
				CLANG_ANALYZER_NONNULL = YES;
				CLANG_ANALYZER_NUMBER_OBJECT_CONVERSION = YES_AGGRESSIVE;
				CLANG_CXX_LANGUAGE_STANDARD = "gnu++14";
				CLANG_CXX_LIBRARY = "libc++";
				CLANG_ENABLE_MODULES = YES;
				CLANG_ENABLE_OBJC_ARC = YES;
				CLANG_ENABLE_OBJC_WEAK = YES;
				CLANG_WARN_BLOCK_CAPTURE_AUTORELEASING = YES;
				CLANG_WARN_BOOL_CONVERSION = YES;
				CLANG_WARN_COMMA = YES;
				CLANG_WARN_CONSTANT_CONVERSION = YES;
				CLANG_WARN_DEPRECATED_OBJC_IMPLEMENTATIONS = YES;
				CLANG_WARN_DIRECT_OBJC_ISA_USAGE = YES_ERROR;
				CLANG_WARN_DOCUMENTATION_COMMENTS = YES;
				CLANG_WARN_EMPTY_BODY = YES;
				CLANG_WARN_ENUM_CONVERSION = YES;
				CLANG_WARN_INFINITE_RECURSION = YES;
				CLANG_WARN_INT_CONVERSION = YES;
				CLANG_WARN_NON_LITERAL_NULL_CONVERSION = YES;
				CLANG_WARN_OBJC_IMPLICIT_RETAIN_SELF = YES;
				CLANG_WARN_OBJC_LITERAL_CONVERSION = YES;
				CLANG_WARN_OBJC_ROOT_CLASS = YES_ERROR;
				CLANG_WARN_RANGE_LOOP_ANALYSIS = YES;
				CLANG_WARN_STRICT_PROTOTYPES = YES;
				CLANG_WARN_SUSPICIOUS_MOVE = YES;
				CLANG_WARN_UNGUARDED_AVAILABILITY = YES_AGGRESSIVE;
				CLANG_WARN_UNREACHABLE_CODE = YES;
				CLANG_WARN__DUPLICATE_METHOD_MATCH = YES;
				COPY_PHASE_STRIP = NO;
				DEBUG_INFORMATION_FORMAT = dwarf;
				ENABLE_STRICT_OBJC_MSGSEND = YES;
				ENABLE_TESTABILITY = YES;
				GCC_C_LANGUAGE_STANDARD = gnu11;
				GCC_DYNAMIC_NO_PIC = NO;
				GCC_NO_COMMON_BLOCKS = YES;
				GCC_OPTIMIZATION_LEVEL = 0;
				GCC_PREPROCESSOR_DEFINITIONS = (
					"DEBUG=1",
					"$(inherited)",
				);
				GCC_WARN_64_TO_32_BIT_CONVERSION = YES;
				GCC_WARN_ABOUT_RETURN_TYPE = YES_ERROR;
				GCC_WARN_UNDECLARED_SELECTOR = YES;
				GCC_WARN_UNINITIALIZED_AUTOS = YES_AGGRESSIVE;
				GCC_WARN_UNUSED_FUNCTION = YES;
				GCC_WARN_UNUSED_VARIABLE = YES;
				IPHONEOS_DEPLOYMENT_TARGET = 13.2;
				MTL_ENABLE_DEBUG_INFO = INCLUDE_SOURCE;
				MTL_FAST_MATH = YES;
				ONLY_ACTIVE_ARCH = YES;
				SDKROOT = iphoneos;
				SWIFT_ACTIVE_COMPILATION_CONDITIONS = DEBUG;
				SWIFT_OPTIMIZATION_LEVEL = "-Onone";
			};
			name = Debug;
		};
		D17ECEF523C839FD00EB5569 /* Release */ = {
			isa = XCBuildConfiguration;
			buildSettings = {
				ALWAYS_SEARCH_USER_PATHS = NO;
				CLANG_ANALYZER_NONNULL = YES;
				CLANG_ANALYZER_NUMBER_OBJECT_CONVERSION = YES_AGGRESSIVE;
				CLANG_CXX_LANGUAGE_STANDARD = "gnu++14";
				CLANG_CXX_LIBRARY = "libc++";
				CLANG_ENABLE_MODULES = YES;
				CLANG_ENABLE_OBJC_ARC = YES;
				CLANG_ENABLE_OBJC_WEAK = YES;
				CLANG_WARN_BLOCK_CAPTURE_AUTORELEASING = YES;
				CLANG_WARN_BOOL_CONVERSION = YES;
				CLANG_WARN_COMMA = YES;
				CLANG_WARN_CONSTANT_CONVERSION = YES;
				CLANG_WARN_DEPRECATED_OBJC_IMPLEMENTATIONS = YES;
				CLANG_WARN_DIRECT_OBJC_ISA_USAGE = YES_ERROR;
				CLANG_WARN_DOCUMENTATION_COMMENTS = YES;
				CLANG_WARN_EMPTY_BODY = YES;
				CLANG_WARN_ENUM_CONVERSION = YES;
				CLANG_WARN_INFINITE_RECURSION = YES;
				CLANG_WARN_INT_CONVERSION = YES;
				CLANG_WARN_NON_LITERAL_NULL_CONVERSION = YES;
				CLANG_WARN_OBJC_IMPLICIT_RETAIN_SELF = YES;
				CLANG_WARN_OBJC_LITERAL_CONVERSION = YES;
				CLANG_WARN_OBJC_ROOT_CLASS = YES_ERROR;
				CLANG_WARN_RANGE_LOOP_ANALYSIS = YES;
				CLANG_WARN_STRICT_PROTOTYPES = YES;
				CLANG_WARN_SUSPICIOUS_MOVE = YES;
				CLANG_WARN_UNGUARDED_AVAILABILITY = YES_AGGRESSIVE;
				CLANG_WARN_UNREACHABLE_CODE = YES;
				CLANG_WARN__DUPLICATE_METHOD_MATCH = YES;
				COPY_PHASE_STRIP = NO;
				DEBUG_INFORMATION_FORMAT = "dwarf-with-dsym";
				ENABLE_NS_ASSERTIONS = NO;
				ENABLE_STRICT_OBJC_MSGSEND = YES;
				GCC_C_LANGUAGE_STANDARD = gnu11;
				GCC_NO_COMMON_BLOCKS = YES;
				GCC_WARN_64_TO_32_BIT_CONVERSION = YES;
				GCC_WARN_ABOUT_RETURN_TYPE = YES_ERROR;
				GCC_WARN_UNDECLARED_SELECTOR = YES;
				GCC_WARN_UNINITIALIZED_AUTOS = YES_AGGRESSIVE;
				GCC_WARN_UNUSED_FUNCTION = YES;
				GCC_WARN_UNUSED_VARIABLE = YES;
				IPHONEOS_DEPLOYMENT_TARGET = 13.2;
				MTL_ENABLE_DEBUG_INFO = NO;
				MTL_FAST_MATH = YES;
				SDKROOT = iphoneos;
				SWIFT_COMPILATION_MODE = wholemodule;
				SWIFT_OPTIMIZATION_LEVEL = "-O";
				VALIDATE_PRODUCT = YES;
			};
			name = Release;
		};
		D17ECEF723C839FD00EB5569 /* Debug */ = {
			isa = XCBuildConfiguration;
			buildSettings = {
				ASSETCATALOG_COMPILER_APPICON_NAME = AppIcon;
				CODE_SIGN_STYLE = Automatic;
				INFOPLIST_FILE = clickcount/Info.plist;
				LD_RUNPATH_SEARCH_PATHS = (
					"$(inherited)",
					"@executable_path/Frameworks",
				);
				PRODUCT_BUNDLE_IDENTIFIER = oresnet.clickcount;
				PRODUCT_NAME = "$(TARGET_NAME)";
				SWIFT_VERSION = 5.0;
				TARGETED_DEVICE_FAMILY = "1,2";
			};
			name = Debug;
		};
		D17ECEF823C839FD00EB5569 /* Release */ = {
			isa = XCBuildConfiguration;
			buildSettings = {
				ASSETCATALOG_COMPILER_APPICON_NAME = AppIcon;
				CODE_SIGN_STYLE = Automatic;
				INFOPLIST_FILE = clickcount/Info.plist;
				LD_RUNPATH_SEARCH_PATHS = (
					"$(inherited)",
					"@executable_path/Frameworks",
				);
				PRODUCT_BUNDLE_IDENTIFIER = oresnet.clickcount;
				PRODUCT_NAME = "$(TARGET_NAME)";
				SWIFT_VERSION = 5.0;
				TARGETED_DEVICE_FAMILY = "1,2";
			};
			name = Release;
		};
		D17ECEFA23C839FD00EB5569 /* Debug */ = {
			isa = XCBuildConfiguration;
			buildSettings = {
				ALWAYS_EMBED_SWIFT_STANDARD_LIBRARIES = YES;
				BUNDLE_LOADER = "$(TEST_HOST)";
				CODE_SIGN_STYLE = Automatic;
				INFOPLIST_FILE = clickcountTests/Info.plist;
				IPHONEOS_DEPLOYMENT_TARGET = 13.2;
				LD_RUNPATH_SEARCH_PATHS = (
					"$(inherited)",
					"@executable_path/Frameworks",
					"@loader_path/Frameworks",
				);
				PRODUCT_BUNDLE_IDENTIFIER = oresnet.clickcountTests;
				PRODUCT_NAME = "$(TARGET_NAME)";
				SWIFT_VERSION = 5.0;
				TARGETED_DEVICE_FAMILY = "1,2";
				TEST_HOST = "$(BUILT_PRODUCTS_DIR)/clickcount.app/clickcount";
			};
			name = Debug;
		};
		D17ECEFB23C839FD00EB5569 /* Release */ = {
			isa = XCBuildConfiguration;
			buildSettings = {
				ALWAYS_EMBED_SWIFT_STANDARD_LIBRARIES = YES;
				BUNDLE_LOADER = "$(TEST_HOST)";
				CODE_SIGN_STYLE = Automatic;
				INFOPLIST_FILE = clickcountTests/Info.plist;
				IPHONEOS_DEPLOYMENT_TARGET = 13.2;
				LD_RUNPATH_SEARCH_PATHS = (
					"$(inherited)",
					"@executable_path/Frameworks",
					"@loader_path/Frameworks",
				);
				PRODUCT_BUNDLE_IDENTIFIER = oresnet.clickcountTests;
				PRODUCT_NAME = "$(TARGET_NAME)";
				SWIFT_VERSION = 5.0;
				TARGETED_DEVICE_FAMILY = "1,2";
				TEST_HOST = "$(BUILT_PRODUCTS_DIR)/clickcount.app/clickcount";
			};
			name = Release;
		};
/* End XCBuildConfiguration section */

/* Begin XCConfigurationList section */
		D17ECED223C839FA00EB5569 /* Build configuration list for PBXProject "clickcount" */ = {
			isa = XCConfigurationList;
			buildConfigurations = (
				D17ECEF423C839FD00EB5569 /* Debug */,
				D17ECEF523C839FD00EB5569 /* Release */,
			);
			defaultConfigurationIsVisible = 0;
			defaultConfigurationName = Release;
		};
		D17ECEF623C839FD00EB5569 /* Build configuration list for PBXNativeTarget "clickcount" */ = {
			isa = XCConfigurationList;
			buildConfigurations = (
				D17ECEF723C839FD00EB5569 /* Debug */,
				D17ECEF823C839FD00EB5569 /* Release */,
			);
			defaultConfigurationIsVisible = 0;
			defaultConfigurationName = Release;
		};
		D17ECEF923C839FD00EB5569 /* Build configuration list for PBXNativeTarget "clickcountTests" */ = {
			isa = XCConfigurationList;
			buildConfigurations = (
				D17ECEFA23C839FD00EB5569 /* Debug */,
				D17ECEFB23C839FD00EB5569 /* Release */,
			);
			defaultConfigurationIsVisible = 0;
			defaultConfigurationName = Release;
		};
/* End XCConfigurationList section */
	};
	rootObject = D17ECECF23C839FA00EB5569 /* Project object */;
}
